
Microsoft Visual Studio Solution File, Format Version 12.00
# Visual Studio Version 17
VisualStudioVersion = 17.0.32112.339
MinimumVisualStudioVersion = 10.0.40219.1
Project("{FAE04EC0-301F-11D3-BF4B-00C04F79EFBC}") = "MultiShop", "MultiShop\MultiShop.csproj", "{7A815D5E-DCF9-4E76-8F48-8B0E7BE3962D}"
EndProject
Global
	GlobalSection(SolutionConfigurationPlatforms) = preSolution
		Debug|Any CPU = Debug|Any CPU
		Release|Any CPU = Release|Any CPU
	EndGlobalSection
	GlobalSection(ProjectConfigurationPlatforms) = postSolution
		{7A815D5E-DCF9-4E76-8F48-8B0E7BE3962D}.Debug|Any CPU.ActiveCfg = Debug|Any CPU
		{7A815D5E-DCF9-4E76-8F48-8B0E7BE3962D}.Debug|Any CPU.Build.0 = Debug|Any CPU
		{7A815D5E-DCF9-4E76-8F48-8B0E7BE3962D}.Release|Any CPU.ActiveCfg = Release|Any CPU
		{7A815D5E-DCF9-4E76-8F48-8B0E7BE3962D}.Release|Any CPU.Build.0 = Release|Any CPU
	EndGlobalSection
	GlobalSection(SolutionProperties) = preSolution
		HideSolutionNode = FALSE
	EndGlobalSection
	GlobalSection(ExtensibilityGlobals) = postSolution
		SolutionGuid = {D9862EDF-3133-4958-874D-4C745F0CF28E}
	EndGlobalSection
EndGlobal
